{
  "originHash" : "d89c5e1a3f2b4c6d8e9f0a1b2c3d4e5f6a7b8c9d0e1f2a3b4c5d6e7f8a9b0c1d",
  "pins" : [
    {
      "identity" : "capacitor-plugins",
      "kind" : "remoteSourceControl",
      "location" : "https://github.com/ionic-team/capacitor-plugins.git",
      "state" : {
        "revision" : "e6f0d8c4b2a1f3e5d7c9b0a2f4e6d8c0b2a4f6e8",
        "version" : "8.0.0"
      }
    },
    {
      "identity" : "capacitor-swift-pm",
      "kind" : "remoteSourceControl",
      "location" : "https://github.com/ionic-team/capacitor-swift-pm.git",
      "state" : {
        "revision" : "596259033e94829dffc552a40e7129262122995e",
        "version" : "8.0.0"
      }
    },
    {
      "identity" : "ion-ios-filesystem",
      "kind" : "remoteSourceControl",
      "location" : "https://github.com/ionic-team/ion-ios-filesystem.git",
      "state" : {
        "revision" : "dd9052cfb55b70771d04deb427f94e19ea31c372",
        "version" : "1.0.1"
      }
    }
  ],
  "version" : 3
}
